// !$*UTF8*$!
{
	archiveVersion = 1;
	classes = {
	};
	objectVersion = 50;
	objects = {

/* Begin PBXBuildFile section */
		0F1E9EF02B55EFE5009AA221 /* Video.swift in Sources */ = {isa = PBXBuildFile; fileRef = 0F1E9EEF2B55EFE5009AA221 /* Video.swift */; };
		0F1E9EF22B55EFED009AA221 /* Author.swift in Sources */ = {isa = PBXBuildFile; fileRef = 0F1E9EF12B55EFED009AA221 /* Author.swift */; };
		0F1E9EF52B55F0AB009AA221 /* VideoManager.swift in Sources */ = {isa = PBXBuildFile; fileRef = 0F1E9EF42B55F0AB009AA221 /* VideoManager.swift */; };
		3AF67A5C25A64DBD00D360A7 /* VideoPlayerSwiftUIApp.swift in Sources */ = {isa = PBXBuildFile; fileRef = 3AF67A5B25A64DBD00D360A7 /* VideoPlayerSwiftUIApp.swift */; };
		3AF67A5E25A64DBD00D360A7 /* VideoView.swift in Sources */ = {isa = PBXBuildFile; fileRef = 3AF67A5D25A64DBD00D360A7 /* VideoView.swift */; };
		3AF67A6025A64DBF00D360A7 /* Assets.xcassets in Resources */ = {isa = PBXBuildFile; fileRef = 3AF67A5F25A64DBF00D360A7 /* Assets.xcassets */; };
		3AF67A6325A64DBF00D360A7 /* Preview Assets.xcassets in Resources */ = {isa = PBXBuildFile; fileRef = 3AF67A6225A64DBF00D360A7 /* Preview Assets.xcassets */; };
		3AF67A6E25A64DBF00D360A7 /* VideoPlayerSwiftUITests.swift in Sources */ = {isa = PBXBuildFile; fileRef = 3AF67A6D25A64DBF00D360A7 /* VideoPlayerSwiftUITests.swift */; };
		3AF67A7925A64DBF00D360A7 /* VideoPlayerSwiftUIUITests.swift in Sources */ = {isa = PBXBuildFile; fileRef = 3AF67A7825A64DBF00D360A7 /* VideoPlayerSwiftUIUITests.swift */; };
		8A80D8A811EAEC632B632047 /* Pods_VideoPlayerSwiftUITests.framework in Frameworks */ = {isa = PBXBuildFile; fileRef = 3622B078FBC7AC995E6EB2D9 /* Pods_VideoPlayerSwiftUITests.framework */; };
		ABA0BBB3D50ED2BEC5303915 /* Pods_VideoPlayerSwiftUI_VideoPlayerSwiftUIUITests.framework in Frameworks */ = {isa = PBXBuildFile; fileRef = CF7767F50D3F3C34CBEFB769 /* Pods_VideoPlayerSwiftUI_VideoPlayerSwiftUIUITests.framework */; };
		AF6CEED8F56466C35D5CDB8A /* Pods_VideoPlayerSwiftUI.framework in Frameworks */ = {isa = PBXBuildFile; fileRef = E76D94CC99FB2B6FA2E9A86F /* Pods_VideoPlayerSwiftUI.framework */; };
/* End PBXBuildFile section */

/* Begin PBXContainerItemProxy section */
		3AF67A6A25A64DBF00D360A7 /* PBXContainerItemProxy */ = {
			isa = PBXContainerItemProxy;
			containerPortal = 3AF67A5025A64DBD00D360A7 /* Project object */;
			proxyType = 1;
			remoteGlobalIDString = 3AF67A5725A64DBD00D360A7;
			remoteInfo = VideoPlayerSwiftUI;
		};
		3AF67A7525A64DBF00D360A7 /* PBXContainerItemProxy */ = {
			isa = PBXContainerItemProxy;
			containerPortal = 3AF67A5025A64DBD00D360A7 /* Project object */;
			proxyType = 1;
			remoteGlobalIDString = 3AF67A5725A64DBD00D360A7;
			remoteInfo = VideoPlayerSwiftUI;
		};
/* End PBXContainerItemProxy section */

/* Begin PBXFileReference section */
		0F1E9EEF2B55EFE5009AA221 /* Video.swift */ = {isa = PBXFileReference; lastKnownFileType = sourcecode.swift; path = Video.swift; sourceTree = "<group>"; };
		0F1E9EF12B55EFED009AA221 /* Author.swift */ = {isa = PBXFileReference; lastKnownFileType = sourcecode.swift; path = Author.swift; sourceTree = "<group>"; };
		0F1E9EF42B55F0AB009AA221 /* VideoManager.swift */ = {isa = PBXFileReference; lastKnownFileType = sourcecode.swift; path = VideoManager.swift; sourceTree = "<group>"; };
		167E57A70812EAD8BD576B93 /* Pods-VideoPlayerSwiftUITests.release.xcconfig */ = {isa = PBXFileReference; includeInIndex = 1; lastKnownFileType = text.xcconfig; name = "Pods-VideoPlayerSwiftUITests.release.xcconfig"; path = "Target Support Files/Pods-VideoPlayerSwiftUITests/Pods-VideoPlayerSwiftUITests.release.xcconfig"; sourceTree = "<group>"; };
		3622B078FBC7AC995E6EB2D9 /* Pods_VideoPlayerSwiftUITests.framework */ = {isa = PBXFileReference; explicitFileType = wrapper.framework; includeInIndex = 0; path = Pods_VideoPlayerSwiftUITests.framework; sourceTree = BUILT_PRODUCTS_DIR; };
		3AF67A5825A64DBD00D360A7 /* VideoPlayerSwiftUI.app */ = {isa = PBXFileReference; explicitFileType = wrapper.application; includeInIndex = 0; path = VideoPlayerSwiftUI.app; sourceTree = BUILT_PRODUCTS_DIR; };
		3AF67A5B25A64DBD00D360A7 /* VideoPlayerSwiftUIApp.swift */ = {isa = PBXFileReference; lastKnownFileType = sourcecode.swift; path = VideoPlayerSwiftUIApp.swift; sourceTree = "<group>"; };
		3AF67A5D25A64DBD00D360A7 /* VideoView.swift */ = {isa = PBXFileReference; lastKnownFileType = sourcecode.swift; path = VideoView.swift; sourceTree = "<group>"; };
		3AF67A5F25A64DBF00D360A7 /* Assets.xcassets */ = {isa = PBXFileReference; lastKnownFileType = folder.assetcatalog; path = Assets.xcassets; sourceTree = "<group>"; };
		3AF67A6225A64DBF00D360A7 /* Preview Assets.xcassets */ = {isa = PBXFileReference; lastKnownFileType = folder.assetcatalog; path = "Preview Assets.xcassets"; sourceTree = "<group>"; };
		3AF67A6425A64DBF00D360A7 /* Info.plist */ = {isa = PBXFileReference; lastKnownFileType = text.plist.xml; path = Info.plist; sourceTree = "<group>"; };
		3AF67A6925A64DBF00D360A7 /* VideoPlayerSwiftUITests.xctest */ = {isa = PBXFileReference; explicitFileType = wrapper.cfbundle; includeInIndex = 0; path = VideoPlayerSwiftUITests.xctest; sourceTree = BUILT_PRODUCTS_DIR; };
		3AF67A6D25A64DBF00D360A7 /* VideoPlayerSwiftUITests.swift */ = {isa = PBXFileReference; lastKnownFileType = sourcecode.swift; path = VideoPlayerSwiftUITests.swift; sourceTree = "<group>"; };
		3AF67A6F25A64DBF00D360A7 /* Info.plist */ = {isa = PBXFileReference; lastKnownFileType = text.plist.xml; path = Info.plist; sourceTree = "<group>"; };
		3AF67A7425A64DBF00D360A7 /* VideoPlayerSwiftUIUITests.xctest */ = {isa = PBXFileReference; explicitFileType = wrapper.cfbundle; includeInIndex = 0; path = VideoPlayerSwiftUIUITests.xctest; sourceTree = BUILT_PRODUCTS_DIR; };
		3AF67A7825A64DBF00D360A7 /* VideoPlayerSwiftUIUITests.swift */ = {isa = PBXFileReference; lastKnownFileType = sourcecode.swift; path = VideoPlayerSwiftUIUITests.swift; sourceTree = "<group>"; };
		3AF67A7A25A64DBF00D360A7 /* Info.plist */ = {isa = PBXFileReference; lastKnownFileType = text.plist.xml; path = Info.plist; sourceTree = "<group>"; };
		4DE7298BEE6D40B3243BB411 /* Pods-VideoPlayerSwiftUI.release.xcconfig */ = {isa = PBXFileReference; includeInIndex = 1; lastKnownFileType = text.xcconfig; name = "Pods-VideoPlayerSwiftUI.release.xcconfig"; path = "Target Support Files/Pods-VideoPlayerSwiftUI/Pods-VideoPlayerSwiftUI.release.xcconfig"; sourceTree = "<group>"; };
		7FE84F031E0C7A0B0B1CB3A3 /* Pods-VideoPlayerSwiftUI-VideoPlayerSwiftUIUITests.debug.xcconfig */ = {isa = PBXFileReference; includeInIndex = 1; lastKnownFileType = text.xcconfig; name = "Pods-VideoPlayerSwiftUI-VideoPlayerSwiftUIUITests.debug.xcconfig"; path = "Target Support Files/Pods-VideoPlayerSwiftUI-VideoPlayerSwiftUIUITests/Pods-VideoPlayerSwiftUI-VideoPlayerSwiftUIUITests.debug.xcconfig"; sourceTree = "<group>"; };
		AD42E17C2CDA882C2A9AF797 /* Pods-VideoPlayerSwiftUITests.debug.xcconfig */ = {isa = PBXFileReference; includeInIndex = 1; lastKnownFileType = text.xcconfig; name = "Pods-VideoPlayerSwiftUITests.debug.xcconfig"; path = "Target Support Files/Pods-VideoPlayerSwiftUITests/Pods-VideoPlayerSwiftUITests.debug.xcconfig"; sourceTree = "<group>"; };
		BBBAAF4D76DA29800DD82C7F /* Pods-VideoPlayerSwiftUI-VideoPlayerSwiftUIUITests.release.xcconfig */ = {isa = PBXFileReference; includeInIndex = 1; lastKnownFileType = text.xcconfig; name = "Pods-VideoPlayerSwiftUI-VideoPlayerSwiftUIUITests.release.xcconfig"; path = "Target Support Files/Pods-VideoPlayerSwiftUI-VideoPlayerSwiftUIUITests/Pods-VideoPlayerSwiftUI-VideoPlayerSwiftUIUITests.release.xcconfig"; sourceTree = "<group>"; };
		CF7767F50D3F3C34CBEFB769 /* Pods_VideoPlayerSwiftUI_VideoPlayerSwiftUIUITests.framework */ = {isa = PBXFileReference; explicitFileType = wrapper.framework; includeInIndex = 0; path = Pods_VideoPlayerSwiftUI_VideoPlayerSwiftUIUITests.framework; sourceTree = BUILT_PRODUCTS_DIR; };
		D886D3ED785D9A15B59410E3 /* Pods-VideoPlayerSwiftUI.debug.xcconfig */ = {isa = PBXFileReference; includeInIndex = 1; lastKnownFileType = text.xcconfig; name = "Pods-VideoPlayerSwiftUI.debug.xcconfig"; path = "Target Support Files/Pods-VideoPlayerSwiftUI/Pods-VideoPlayerSwiftUI.debug.xcconfig"; sourceTree = "<group>"; };
		E76D94CC99FB2B6FA2E9A86F /* Pods_VideoPlayerSwiftUI.framework */ = {isa = PBXFileReference; explicitFileType = wrapper.framework; includeInIndex = 0; path = Pods_VideoPlayerSwiftUI.framework; sourceTree = BUILT_PRODUCTS_DIR; };
/* End PBXFileReference section */

/* Begin PBXFrameworksBuildPhase section */
		3AF67A5525A64DBD00D360A7 /* Frameworks */ = {
			isa = PBXFrameworksBuildPhase;
			buildActionMask = 2147483647;
			files = (
				AF6CEED8F56466C35D5CDB8A /* Pods_VideoPlayerSwiftUI.framework in Frameworks */,
			);
			runOnlyForDeploymentPostprocessing = 0;
		};
		3AF67A6625A64DBF00D360A7 /* Frameworks */ = {
			isa = PBXFrameworksBuildPhase;
			buildActionMask = 2147483647;
			files = (
				8A80D8A811EAEC632B632047 /* Pods_VideoPlayerSwiftUITests.framework in Frameworks */,
			);
			runOnlyForDeploymentPostprocessing = 0;
		};
		3AF67A7125A64DBF00D360A7 /* Frameworks */ = {
			isa = PBXFrameworksBuildPhase;
			buildActionMask = 2147483647;
			files = (
				ABA0BBB3D50ED2BEC5303915 /* Pods_VideoPlayerSwiftUI_VideoPlayerSwiftUIUITests.framework in Frameworks */,
			);
			runOnlyForDeploymentPostprocessing = 0;
		};
/* End PBXFrameworksBuildPhase section */

/* Begin PBXGroup section */
		0F1E9EEE2B55EFD9009AA221 /* Model */ = {
			isa = PBXGroup;
			children = (
				0F1E9EEF2B55EFE5009AA221 /* Video.swift */,
				0F1E9EF12B55EFED009AA221 /* Author.swift */,
			);
			path = Model;
			sourceTree = "<group>";
		};
		0F1E9EF32B55F040009AA221 /* ViewModel */ = {
			isa = PBXGroup;
			children = (
				0F1E9EF42B55F0AB009AA221 /* VideoManager.swift */,
			);
			path = ViewModel;
			sourceTree = "<group>";
		};
		0F1E9EF62B55F1A7009AA221 /* View */ = {
			isa = PBXGroup;
			children = (
				3AF67A5D25A64DBD00D360A7 /* VideoView.swift */,
			);
			path = View;
			sourceTree = "<group>";
		};
		3AF67A4F25A64DBD00D360A7 = {
			isa = PBXGroup;
			children = (
				3AF67A5A25A64DBD00D360A7 /* VideoPlayerSwiftUI */,
				3AF67A6C25A64DBF00D360A7 /* VideoPlayerSwiftUITests */,
				3AF67A7725A64DBF00D360A7 /* VideoPlayerSwiftUIUITests */,
				3AF67A5925A64DBD00D360A7 /* Products */,
				969813BE9D0AD8C43B8168B6 /* Pods */,
				4A6AFE8F2C82498729E57C1A /* Frameworks */,
			);
			sourceTree = "<group>";
		};
		3AF67A5925A64DBD00D360A7 /* Products */ = {
			isa = PBXGroup;
			children = (
				3AF67A5825A64DBD00D360A7 /* VideoPlayerSwiftUI.app */,
				3AF67A6925A64DBF00D360A7 /* VideoPlayerSwiftUITests.xctest */,
				3AF67A7425A64DBF00D360A7 /* VideoPlayerSwiftUIUITests.xctest */,
			);
			name = Products;
			sourceTree = "<group>";
		};
		3AF67A5A25A64DBD00D360A7 /* VideoPlayerSwiftUI */ = {
			isa = PBXGroup;
			children = (
				0F1E9EF62B55F1A7009AA221 /* View */,
				0F1E9EF32B55F040009AA221 /* ViewModel */,
				0F1E9EEE2B55EFD9009AA221 /* Model */,
				3AF67A5B25A64DBD00D360A7 /* VideoPlayerSwiftUIApp.swift */,
				3AF67A5F25A64DBF00D360A7 /* Assets.xcassets */,
				3AF67A6425A64DBF00D360A7 /* Info.plist */,
				3AF67A6125A64DBF00D360A7 /* Preview Content */,
			);
			path = VideoPlayerSwiftUI;
			sourceTree = "<group>";
		};
		3AF67A6125A64DBF00D360A7 /* Preview Content */ = {
			isa = PBXGroup;
			children = (
				3AF67A6225A64DBF00D360A7 /* Preview Assets.xcassets */,
			);
			path = "Preview Content";
			sourceTree = "<group>";
		};
		3AF67A6C25A64DBF00D360A7 /* VideoPlayerSwiftUITests */ = {
			isa = PBXGroup;
			children = (
				3AF67A6D25A64DBF00D360A7 /* VideoPlayerSwiftUITests.swift */,
				3AF67A6F25A64DBF00D360A7 /* Info.plist */,
			);
			path = VideoPlayerSwiftUITests;
			sourceTree = "<group>";
		};
		3AF67A7725A64DBF00D360A7 /* VideoPlayerSwiftUIUITests */ = {
			isa = PBXGroup;
			children = (
				3AF67A7825A64DBF00D360A7 /* VideoPlayerSwiftUIUITests.swift */,
				3AF67A7A25A64DBF00D360A7 /* Info.plist */,
			);
			path = VideoPlayerSwiftUIUITests;
			sourceTree = "<group>";
		};
		4A6AFE8F2C82498729E57C1A /* Frameworks */ = {
			isa = PBXGroup;
			children = (
				E76D94CC99FB2B6FA2E9A86F /* Pods_VideoPlayerSwiftUI.framework */,
				CF7767F50D3F3C34CBEFB769 /* Pods_VideoPlayerSwiftUI_VideoPlayerSwiftUIUITests.framework */,
				3622B078FBC7AC995E6EB2D9 /* Pods_VideoPlayerSwiftUITests.framework */,
			);
			name = Frameworks;
			sourceTree = "<group>";
		};
		969813BE9D0AD8C43B8168B6 /* Pods */ = {
			isa = PBXGroup;
			children = (
				D886D3ED785D9A15B59410E3 /* Pods-VideoPlayerSwiftUI.debug.xcconfig */,
				4DE7298BEE6D40B3243BB411 /* Pods-VideoPlayerSwiftUI.release.xcconfig */,
				7FE84F031E0C7A0B0B1CB3A3 /* Pods-VideoPlayerSwiftUI-VideoPlayerSwiftUIUITests.debug.xcconfig */,
				BBBAAF4D76DA29800DD82C7F /* Pods-VideoPlayerSwiftUI-VideoPlayerSwiftUIUITests.release.xcconfig */,
				AD42E17C2CDA882C2A9AF797 /* Pods-VideoPlayerSwiftUITests.debug.xcconfig */,
				167E57A70812EAD8BD576B93 /* Pods-VideoPlayerSwiftUITests.release.xcconfig */,
			);
			name = Pods;
			path = Pods;
			sourceTree = "<group>";
		};
/* End PBXGroup section */

/* Begin PBXNativeTarget section */
		3AF67A5725A64DBD00D360A7 /* VideoPlayerSwiftUI */ = {
			isa = PBXNativeTarget;
			buildConfigurationList = 3AF67A7D25A64DBF00D360A7 /* Build configuration list for PBXNativeTarget "VideoPlayerSwiftUI" */;
			buildPhases = (
				ED42BA517C2F8D4E748C5BC6 /* [CP] Check Pods Manifest.lock */,
				3AF67A5425A64DBD00D360A7 /* Sources */,
				3AF67A5525A64DBD00D360A7 /* Frameworks */,
				3AF67A5625A64DBD00D360A7 /* Resources */,
				DA78016CD284DA0D69A5990F /* [CP] Embed Pods Frameworks */,
			);
			buildRules = (
			);
			dependencies = (
			);
			name = VideoPlayerSwiftUI;
			productName = VideoPlayerSwiftUI;
			productReference = 3AF67A5825A64DBD00D360A7 /* VideoPlayerSwiftUI.app */;
			productType = "com.apple.product-type.application";
		};
		3AF67A6825A64DBF00D360A7 /* VideoPlayerSwiftUITests */ = {
			isa = PBXNativeTarget;
			buildConfigurationList = 3AF67A8025A64DBF00D360A7 /* Build configuration list for PBXNativeTarget "VideoPlayerSwiftUITests" */;
			buildPhases = (
				BEA8C059352DE879524CD335 /* [CP] Check Pods Manifest.lock */,
				3AF67A6525A64DBF00D360A7 /* Sources */,
				3AF67A6625A64DBF00D360A7 /* Frameworks */,
				3AF67A6725A64DBF00D360A7 /* Resources */,
			);
			buildRules = (
			);
			dependencies = (
				3AF67A6B25A64DBF00D360A7 /* PBXTargetDependency */,
			);
			name = VideoPlayerSwiftUITests;
			productName = VideoPlayerSwiftUITests;
			productReference = 3AF67A6925A64DBF00D360A7 /* VideoPlayerSwiftUITests.xctest */;
			productType = "com.apple.product-type.bundle.unit-test";
		};
		3AF67A7325A64DBF00D360A7 /* VideoPlayerSwiftUIUITests */ = {
			isa = PBXNativeTarget;
			buildConfigurationList = 3AF67A8325A64DBF00D360A7 /* Build configuration list for PBXNativeTarget "VideoPlayerSwiftUIUITests" */;
			buildPhases = (
				026CEB7B524B96D37F9834B0 /* [CP] Check Pods Manifest.lock */,
				3AF67A7025A64DBF00D360A7 /* Sources */,
				3AF67A7125A64DBF00D360A7 /* Frameworks */,
				3AF67A7225A64DBF00D360A7 /* Resources */,
				56ABD825758A4F475C17E525 /* [CP] Embed Pods Frameworks */,
			);
			buildRules = (
			);
			dependencies = (
				3AF67A7625A64DBF00D360A7 /* PBXTargetDependency */,
			);
			name = VideoPlayerSwiftUIUITests;
			productName = VideoPlayerSwiftUIUITests;
			productReference = 3AF67A7425A64DBF00D360A7 /* VideoPlayerSwiftUIUITests.xctest */;
			productType = "com.apple.product-type.bundle.ui-testing";
		};
/* End PBXNativeTarget section */

/* Begin PBXProject section */
		3AF67A5025A64DBD00D360A7 /* Project object */ = {
			isa = PBXProject;
			attributes = {
				LastSwiftUpdateCheck = 1210;
				LastUpgradeCheck = 1210;
				TargetAttributes = {
					3AF67A5725A64DBD00D360A7 = {
						CreatedOnToolsVersion = 12.1;
					};
					3AF67A6825A64DBF00D360A7 = {
						CreatedOnToolsVersion = 12.1;
						TestTargetID = 3AF67A5725A64DBD00D360A7;
					};
					3AF67A7325A64DBF00D360A7 = {
						CreatedOnToolsVersion = 12.1;
						TestTargetID = 3AF67A5725A64DBD00D360A7;
					};
				};
			};
			buildConfigurationList = 3AF67A5325A64DBD00D360A7 /* Build configuration list for PBXProject "VideoPlayerSwiftUI" */;
			compatibilityVersion = "Xcode 9.3";
			developmentRegion = en;
			hasScannedForEncodings = 0;
			knownRegions = (
				en,
				Base,
			);
			mainGroup = 3AF67A4F25A64DBD00D360A7;
			productRefGroup = 3AF67A5925A64DBD00D360A7 /* Products */;
			projectDirPath = "";
			projectRoot = "";
			targets = (
				3AF67A5725A64DBD00D360A7 /* VideoPlayerSwiftUI */,
				3AF67A6825A64DBF00D360A7 /* VideoPlayerSwiftUITests */,
				3AF67A7325A64DBF00D360A7 /* VideoPlayerSwiftUIUITests */,
			);
		};
/* End PBXProject section */

/* Begin PBXResourcesBuildPhase section */
		3AF67A5625A64DBD00D360A7 /* Resources */ = {
			isa = PBXResourcesBuildPhase;
			buildActionMask = 2147483647;
			files = (
				3AF67A6325A64DBF00D360A7 /* Preview Assets.xcassets in Resources */,
				3AF67A6025A64DBF00D360A7 /* Assets.xcassets in Resources */,
			);
			runOnlyForDeploymentPostprocessing = 0;
		};
		3AF67A6725A64DBF00D360A7 /* Resources */ = {
			isa = PBXResourcesBuildPhase;
			buildActionMask = 2147483647;
			files = (
			);
			runOnlyForDeploymentPostprocessing = 0;
		};
		3AF67A7225A64DBF00D360A7 /* Resources */ = {
			isa = PBXResourcesBuildPhase;
			buildActionMask = 2147483647;
			files = (
			);
			runOnlyForDeploymentPostprocessing = 0;
		};
/* End PBXResourcesBuildPhase section */

/* Begin PBXShellScriptBuildPhase section */
		026CEB7B524B96D37F9834B0 /* [CP] Check Pods Manifest.lock */ = {
			isa = PBXShellScriptBuildPhase;
			buildActionMask = 2147483647;
			files = (
			);
			inputFileListPaths = (
			);
			inputPaths = (
				"${PODS_PODFILE_DIR_PATH}/Podfile.lock",
				"${PODS_ROOT}/Manifest.lock",
			);
			name = "[CP] Check Pods Manifest.lock";
			outputFileListPaths = (
			);
			outputPaths = (
				"$(DERIVED_FILE_DIR)/Pods-VideoPlayerSwiftUI-VideoPlayerSwiftUIUITests-checkManifestLockResult.txt",
			);
			runOnlyForDeploymentPostprocessing = 0;
			shellPath = /bin/sh;
			shellScript = "diff \"${PODS_PODFILE_DIR_PATH}/Podfile.lock\" \"${PODS_ROOT}/Manifest.lock\" > /dev/null\nif [ $? != 0 ] ; then\n    # print error to STDERR\n    echo \"error: The sandbox is not in sync with the Podfile.lock. Run 'pod install' or update your CocoaPods installation.\" >&2\n    exit 1\nfi\n# This output is used by Xcode 'outputs' to avoid re-running this script phase.\necho \"SUCCESS\" > \"${SCRIPT_OUTPUT_FILE_0}\"\n";
			showEnvVarsInLog = 0;
		};
		56ABD825758A4F475C17E525 /* [CP] Embed Pods Frameworks */ = {
			isa = PBXShellScriptBuildPhase;
			buildActionMask = 2147483647;
			files = (
			);
			inputFileListPaths = (
				"${PODS_ROOT}/Target Support Files/Pods-VideoPlayerSwiftUI-VideoPlayerSwiftUIUITests/Pods-VideoPlayerSwiftUI-VideoPlayerSwiftUIUITests-frameworks-${CONFIGURATION}-input-files.xcfilelist",
			);
			name = "[CP] Embed Pods Frameworks";
			outputFileListPaths = (
				"${PODS_ROOT}/Target Support Files/Pods-VideoPlayerSwiftUI-VideoPlayerSwiftUIUITests/Pods-VideoPlayerSwiftUI-VideoPlayerSwiftUIUITests-frameworks-${CONFIGURATION}-output-files.xcfilelist",
			);
			runOnlyForDeploymentPostprocessing = 0;
			shellPath = /bin/sh;
			shellScript = "\"${PODS_ROOT}/Target Support Files/Pods-VideoPlayerSwiftUI-VideoPlayerSwiftUIUITests/Pods-VideoPlayerSwiftUI-VideoPlayerSwiftUIUITests-frameworks.sh\"\n";
			showEnvVarsInLog = 0;
		};
		BEA8C059352DE879524CD335 /* [CP] Check Pods Manifest.lock */ = {
			isa = PBXShellScriptBuildPhase;
			buildActionMask = 2147483647;
			files = (
			);
			inputFileListPaths = (
			);
			inputPaths = (
				"${PODS_PODFILE_DIR_PATH}/Podfile.lock",
				"${PODS_ROOT}/Manifest.lock",
			);
			name = "[CP] Check Pods Manifest.lock";
			outputFileListPaths = (
			);
			outputPaths = (
				"$(DERIVED_FILE_DIR)/Pods-VideoPlayerSwiftUITests-checkManifestLockResult.txt",
			);
			runOnlyForDeploymentPostprocessing = 0;
			shellPath = /bin/sh;
			shellScript = "diff \"${PODS_PODFILE_DIR_PATH}/Podfile.lock\" \"${PODS_ROOT}/Manifest.lock\" > /dev/null\nif [ $? != 0 ] ; then\n    # print error to STDERR\n    echo \"error: The sandbox is not in sync with the Podfile.lock. Run 'pod install' or update your CocoaPods installation.\" >&2\n    exit 1\nfi\n# This output is used by Xcode 'outputs' to avoid re-running this script phase.\necho \"SUCCESS\" > \"${SCRIPT_OUTPUT_FILE_0}\"\n";
			showEnvVarsInLog = 0;
		};
		DA78016CD284DA0D69A5990F /* [CP] Embed Pods Frameworks */ = {
			isa = PBXShellScriptBuildPhase;
			buildActionMask = 2147483647;
			files = (
			);
			inputFileListPaths = (
				"${PODS_ROOT}/Target Support Files/Pods-VideoPlayerSwiftUI/Pods-VideoPlayerSwiftUI-frameworks-${CONFIGURATION}-input-files.xcfilelist",
			);
			name = "[CP] Embed Pods Frameworks";
			outputFileListPaths = (
				"${PODS_ROOT}/Target Support Files/Pods-VideoPlayerSwiftUI/Pods-VideoPlayerSwiftUI-frameworks-${CONFIGURATION}-output-files.xcfilelist",
			);
			runOnlyForDeploymentPostprocessing = 0;
			shellPath = /bin/sh;
			shellScript = "\"${PODS_ROOT}/Target Support Files/Pods-VideoPlayerSwiftUI/Pods-VideoPlayerSwiftUI-frameworks.sh\"\n";
			showEnvVarsInLog = 0;
		};
		ED42BA517C2F8D4E748C5BC6 /* [CP] Check Pods Manifest.lock */ = {
			isa = PBXShellScriptBuildPhase;
			buildActionMask = 2147483647;
			files = (
			);
			inputFileListPaths = (
			);
			inputPaths = (
				"${PODS_PODFILE_DIR_PATH}/Podfile.lock",
				"${PODS_ROOT}/Manifest.lock",
			);
			name = "[CP] Check Pods Manifest.lock";
			outputFileListPaths = (
			);
			outputPaths = (
				"$(DERIVED_FILE_DIR)/Pods-VideoPlayerSwiftUI-checkManifestLockResult.txt",
			);
			runOnlyForDeploymentPostprocessing = 0;
			shellPath = /bin/sh;
			shellScript = "diff \"${PODS_PODFILE_DIR_PATH}/Podfile.lock\" \"${PODS_ROOT}/Manifest.lock\" > /dev/null\nif [ $? != 0 ] ; then\n    # print error to STDERR\n    echo \"error: The sandbox is not in sync with the Podfile.lock. Run 'pod install' or update your CocoaPods installation.\" >&2\n    exit 1\nfi\n# This output is used by Xcode 'outputs' to avoid re-running this script phase.\necho \"SUCCESS\" > \"${SCRIPT_OUTPUT_FILE_0}\"\n";
			showEnvVarsInLog = 0;
		};
/* End PBXShellScriptBuildPhase section */

/* Begin PBXSourcesBuildPhase section */
		3AF67A5425A64DBD00D360A7 /* Sources */ = {
			isa = PBXSourcesBuildPhase;
			buildActionMask = 2147483647;
			files = (
				3AF67A5E25A64DBD00D360A7 /* VideoView.swift in Sources */,
				0F1E9EF02B55EFE5009AA221 /* Video.swift in Sources */,
				0F1E9EF52B55F0AB009AA221 /* VideoManager.swift in Sources */,
				0F1E9EF22B55EFED009AA221 /* Author.swift in Sources */,
				3AF67A5C25A64DBD00D360A7 /* VideoPlayerSwiftUIApp.swift in Sources */,
			);
			runOnlyForDeploymentPostprocessing = 0;
		};
		3AF67A6525A64DBF00D360A7 /* Sources */ = {
			isa = PBXSourcesBuildPhase;
			buildActionMask = 2147483647;
			files = (
				3AF67A6E25A64DBF00D360A7 /* VideoPlayerSwiftUITests.swift in Sources */,
			);
			runOnlyForDeploymentPostprocessing = 0;
		};
		3AF67A7025A64DBF00D360A7 /* Sources */ = {
			isa = PBXSourcesBuildPhase;
			buildActionMask = 2147483647;
			files = (
				3AF67A7925A64DBF00D360A7 /* VideoPlayerSwiftUIUITests.swift in Sources */,
			);
			runOnlyForDeploymentPostprocessing = 0;
		};
/* End PBXSourcesBuildPhase section */

/* Begin PBXTargetDependency section */
		3AF67A6B25A64DBF00D360A7 /* PBXTargetDependency */ = {
			isa = PBXTargetDependency;
			target = 3AF67A5725A64DBD00D360A7 /* VideoPlayerSwiftUI */;
			targetProxy = 3AF67A6A25A64DBF00D360A7 /* PBXContainerItemProxy */;
		};
		3AF67A7625A64DBF00D360A7 /* PBXTargetDependency */ = {
			isa = PBXTargetDependency;
			target = 3AF67A5725A64DBD00D360A7 /* VideoPlayerSwiftUI */;
			targetProxy = 3AF67A7525A64DBF00D360A7 /* PBXContainerItemProxy */;
		};
/* End PBXTargetDependency section */

/* Begin XCBuildConfiguration section */
		3AF67A7B25A64DBF00D360A7 /* Debug */ = {
			isa = XCBuildConfiguration;
			buildSettings = {
				ALWAYS_SEARCH_USER_PATHS = NO;
				CLANG_ANALYZER_NONNULL = YES;
				CLANG_ANALYZER_NUMBER_OBJECT_CONVERSION = YES_AGGRESSIVE;
				CLANG_CXX_LANGUAGE_STANDARD = "gnu++14";
				CLANG_CXX_LIBRARY = "libc++";
				CLANG_ENABLE_MODULES = YES;
				CLANG_ENABLE_OBJC_ARC = YES;
				CLANG_ENABLE_OBJC_WEAK = YES;
				CLANG_WARN_BLOCK_CAPTURE_AUTORELEASING = YES;
				CLANG_WARN_BOOL_CONVERSION = YES;
				CLANG_WARN_COMMA = YES;
				CLANG_WARN_CONSTANT_CONVERSION = YES;
				CLANG_WARN_DEPRECATED_OBJC_IMPLEMENTATIONS = YES;
				CLANG_WARN_DIRECT_OBJC_ISA_USAGE = YES_ERROR;
				CLANG_WARN_DOCUMENTATION_COMMENTS = YES;
				CLANG_WARN_EMPTY_BODY = YES;
				CLANG_WARN_ENUM_CONVERSION = YES;
				CLANG_WARN_INFINITE_RECURSION = YES;
				CLANG_WARN_INT_CONVERSION = YES;
				CLANG_WARN_NON_LITERAL_NULL_CONVERSION = YES;
				CLANG_WARN_OBJC_IMPLICIT_RETAIN_SELF = YES;
				CLANG_WARN_OBJC_LITERAL_CONVERSION = YES;
				CLANG_WARN_OBJC_ROOT_CLASS = YES_ERROR;
				CLANG_WARN_QUOTED_INCLUDE_IN_FRAMEWORK_HEADER = YES;
				CLANG_WARN_RANGE_LOOP_ANALYSIS = YES;
				CLANG_WARN_STRICT_PROTOTYPES = YES;
				CLANG_WARN_SUSPICIOUS_MOVE = YES;
				CLANG_WARN_UNGUARDED_AVAILABILITY = YES_AGGRESSIVE;
				CLANG_WARN_UNREACHABLE_CODE = YES;
				CLANG_WARN__DUPLICATE_METHOD_MATCH = YES;
				COPY_PHASE_STRIP = NO;
				DEBUG_INFORMATION_FORMAT = dwarf;
				ENABLE_STRICT_OBJC_MSGSEND = YES;
				ENABLE_TESTABILITY = YES;
				GCC_C_LANGUAGE_STANDARD = gnu11;
				GCC_DYNAMIC_NO_PIC = NO;
				GCC_NO_COMMON_BLOCKS = YES;
				GCC_OPTIMIZATION_LEVEL = 0;
				GCC_PREPROCESSOR_DEFINITIONS = (
					"DEBUG=1",
					"$(inherited)",
				);
				GCC_WARN_64_TO_32_BIT_CONVERSION = YES;
				GCC_WARN_ABOUT_RETURN_TYPE = YES_ERROR;
				GCC_WARN_UNDECLARED_SELECTOR = YES;
				GCC_WARN_UNINITIALIZED_AUTOS = YES_AGGRESSIVE;
				GCC_WARN_UNUSED_FUNCTION = YES;
				GCC_WARN_UNUSED_VARIABLE = YES;
				IPHONEOS_DEPLOYMENT_TARGET = 14.1;
				MTL_ENABLE_DEBUG_INFO = INCLUDE_SOURCE;
				MTL_FAST_MATH = YES;
				ONLY_ACTIVE_ARCH = YES;
				SDKROOT = iphoneos;
				SWIFT_ACTIVE_COMPILATION_CONDITIONS = DEBUG;
				SWIFT_OPTIMIZATION_LEVEL = "-Onone";
			};
			name = Debug;
		};
		3AF67A7C25A64DBF00D360A7 /* Release */ = {
			isa = XCBuildConfiguration;
			buildSettings = {
				ALWAYS_SEARCH_USER_PATHS = NO;
				CLANG_ANALYZER_NONNULL = YES;
				CLANG_ANALYZER_NUMBER_OBJECT_CONVERSION = YES_AGGRESSIVE;
				CLANG_CXX_LANGUAGE_STANDARD = "gnu++14";
				CLANG_CXX_LIBRARY = "libc++";
				CLANG_ENABLE_MODULES = YES;
				CLANG_ENABLE_OBJC_ARC = YES;
				CLANG_ENABLE_OBJC_WEAK = YES;
				CLANG_WARN_BLOCK_CAPTURE_AUTORELEASING = YES;
				CLANG_WARN_BOOL_CONVERSION = YES;
				CLANG_WARN_COMMA = YES;
				CLANG_WARN_CONSTANT_CONVERSION = YES;
				CLANG_WARN_DEPRECATED_OBJC_IMPLEMENTATIONS = YES;
				CLANG_WARN_DIRECT_OBJC_ISA_USAGE = YES_ERROR;
				CLANG_WARN_DOCUMENTATION_COMMENTS = YES;
				CLANG_WARN_EMPTY_BODY = YES;
				CLANG_WARN_ENUM_CONVERSION = YES;
				CLANG_WARN_INFINITE_RECURSION = YES;
				CLANG_WARN_INT_CONVERSION = YES;
				CLANG_WARN_NON_LITERAL_NULL_CONVERSION = YES;
				CLANG_WARN_OBJC_IMPLICIT_RETAIN_SELF = YES;
				CLANG_WARN_OBJC_LITERAL_CONVERSION = YES;
				CLANG_WARN_OBJC_ROOT_CLASS = YES_ERROR;
				CLANG_WARN_QUOTED_INCLUDE_IN_FRAMEWORK_HEADER = YES;
				CLANG_WARN_RANGE_LOOP_ANALYSIS = YES;
				CLANG_WARN_STRICT_PROTOTYPES = YES;
				CLANG_WARN_SUSPICIOUS_MOVE = YES;
				CLANG_WARN_UNGUARDED_AVAILABILITY = YES_AGGRESSIVE;
				CLANG_WARN_UNREACHABLE_CODE = YES;
				CLANG_WARN__DUPLICATE_METHOD_MATCH = YES;
				COPY_PHASE_STRIP = NO;
				DEBUG_INFORMATION_FORMAT = "dwarf-with-dsym";
				ENABLE_NS_ASSERTIONS = NO;
				ENABLE_STRICT_OBJC_MSGSEND = YES;
				GCC_C_LANGUAGE_STANDARD = gnu11;
				GCC_NO_COMMON_BLOCKS = YES;
				GCC_WARN_64_TO_32_BIT_CONVERSION = YES;
				GCC_WARN_ABOUT_RETURN_TYPE = YES_ERROR;
				GCC_WARN_UNDECLARED_SELECTOR = YES;
				GCC_WARN_UNINITIALIZED_AUTOS = YES_AGGRESSIVE;
				GCC_WARN_UNUSED_FUNCTION = YES;
				GCC_WARN_UNUSED_VARIABLE = YES;
				IPHONEOS_DEPLOYMENT_TARGET = 14.1;
				MTL_ENABLE_DEBUG_INFO = NO;
				MTL_FAST_MATH = YES;
				SDKROOT = iphoneos;
				SWIFT_COMPILATION_MODE = wholemodule;
				SWIFT_OPTIMIZATION_LEVEL = "-O";
				VALIDATE_PRODUCT = YES;
			};
			name = Release;
		};
		3AF67A7E25A64DBF00D360A7 /* Debug */ = {
			isa = XCBuildConfiguration;
			baseConfigurationReference = D886D3ED785D9A15B59410E3 /* Pods-VideoPlayerSwiftUI.debug.xcconfig */;
			buildSettings = {
				ASSETCATALOG_COMPILER_APPICON_NAME = AppIcon;
				ASSETCATALOG_COMPILER_GLOBAL_ACCENT_COLOR_NAME = AccentColor;
				CODE_SIGN_STYLE = Automatic;
				DEVELOPMENT_ASSET_PATHS = "\"VideoPlayerSwiftUI/Preview Content\"";
				ENABLE_PREVIEWS = YES;
				INFOPLIST_FILE = VideoPlayerSwiftUI/Info.plist;
				IPHONEOS_DEPLOYMENT_TARGET = 14.0;
				LD_RUNPATH_SEARCH_PATHS = (
					"$(inherited)",
					"@executable_path/Frameworks",
				);
				PRODUCT_BUNDLE_IDENTIFIER = com.silverorange.VideoPlayerSwiftUI;
				PRODUCT_NAME = "$(TARGET_NAME)";
				SWIFT_VERSION = 5.0;
				TARGETED_DEVICE_FAMILY = "1,2";
			};
			name = Debug;
		};
		3AF67A7F25A64DBF00D360A7 /* Release */ = {
			isa = XCBuildConfiguration;
			baseConfigurationReference = 4DE7298BEE6D40B3243BB411 /* Pods-VideoPlayerSwiftUI.release.xcconfig */;
			buildSettings = {
				ASSETCATALOG_COMPILER_APPICON_NAME = AppIcon;
				ASSETCATALOG_COMPILER_GLOBAL_ACCENT_COLOR_NAME = AccentColor;
				CODE_SIGN_STYLE = Automatic;
				DEVELOPMENT_ASSET_PATHS = "\"VideoPlayerSwiftUI/Preview Content\"";
				ENABLE_PREVIEWS = YES;
				INFOPLIST_FILE = VideoPlayerSwiftUI/Info.plist;
				IPHONEOS_DEPLOYMENT_TARGET = 14.0;
				LD_RUNPATH_SEARCH_PATHS = (
					"$(inherited)",
					"@executable_path/Frameworks",
				);
				PRODUCT_BUNDLE_IDENTIFIER = com.silverorange.VideoPlayerSwiftUI;
				PRODUCT_NAME = "$(TARGET_NAME)";
				SWIFT_VERSION = 5.0;
				TARGETED_DEVICE_FAMILY = "1,2";
			};
			name = Release;
		};
		3AF67A8125A64DBF00D360A7 /* Debug */ = {
			isa = XCBuildConfiguration;
			baseConfigurationReference = AD42E17C2CDA882C2A9AF797 /* Pods-VideoPlayerSwiftUITests.debug.xcconfig */;
			buildSettings = {
				ALWAYS_EMBED_SWIFT_STANDARD_LIBRARIES = YES;
				BUNDLE_LOADER = "$(TEST_HOST)";
				CODE_SIGN_STYLE = Automatic;
				INFOPLIST_FILE = VideoPlayerSwiftUITests/Info.plist;
				IPHONEOS_DEPLOYMENT_TARGET = 14.0;
				LD_RUNPATH_SEARCH_PATHS = (
					"$(inherited)",
					"@executable_path/Frameworks",
					"@loader_path/Frameworks",
				);
				PRODUCT_BUNDLE_IDENTIFIER = com.silverorange.VideoPlayerSwiftUITests;
				PRODUCT_NAME = "$(TARGET_NAME)";
				SWIFT_VERSION = 5.0;
				TARGETED_DEVICE_FAMILY = "1,2";
				TEST_HOST = "$(BUILT_PRODUCTS_DIR)/VideoPlayerSwiftUI.app/VideoPlayerSwiftUI";
			};
			name = Debug;
		};
		3AF67A8225A64DBF00D360A7 /* Release */ = {
			isa = XCBuildConfiguration;
			baseConfigurationReference = 167E57A70812EAD8BD576B93 /* Pods-VideoPlayerSwiftUITests.release.xcconfig */;
			buildSettings = {
				ALWAYS_EMBED_SWIFT_STANDARD_LIBRARIES = YES;
				BUNDLE_LOADER = "$(TEST_HOST)";
				CODE_SIGN_STYLE = Automatic;
				INFOPLIST_FILE = VideoPlayerSwiftUITests/Info.plist;
				IPHONEOS_DEPLOYMENT_TARGET = 14.0;
				LD_RUNPATH_SEARCH_PATHS = (
					"$(inherited)",
					"@executable_path/Frameworks",
					"@loader_path/Frameworks",
				);
				PRODUCT_BUNDLE_IDENTIFIER = com.silverorange.VideoPlayerSwiftUITests;
				PRODUCT_NAME = "$(TARGET_NAME)";
				SWIFT_VERSION = 5.0;
				TARGETED_DEVICE_FAMILY = "1,2";
				TEST_HOST = "$(BUILT_PRODUCTS_DIR)/VideoPlayerSwiftUI.app/VideoPlayerSwiftUI";
			};
			name = Release;
		};
		3AF67A8425A64DBF00D360A7 /* Debug */ = {
			isa = XCBuildConfiguration;
			baseConfigurationReference = 7FE84F031E0C7A0B0B1CB3A3 /* Pods-VideoPlayerSwiftUI-VideoPlayerSwiftUIUITests.debug.xcconfig */;
			buildSettings = {
				ALWAYS_EMBED_SWIFT_STANDARD_LIBRARIES = YES;
				CODE_SIGN_STYLE = Automatic;
				INFOPLIST_FILE = VideoPlayerSwiftUIUITests/Info.plist;
				LD_RUNPATH_SEARCH_PATHS = (
					"$(inherited)",
					"@executable_path/Frameworks",
					"@loader_path/Frameworks",
				);
				PRODUCT_BUNDLE_IDENTIFIER = com.silverorange.VideoPlayerSwiftUIUITests;
				PRODUCT_NAME = "$(TARGET_NAME)";
				SWIFT_VERSION = 5.0;
				TARGETED_DEVICE_FAMILY = "1,2";
				TEST_TARGET_NAME = VideoPlayerSwiftUI;
			};
			name = Debug;
		};
		3AF67A8525A64DBF00D360A7 /* Release */ = {
			isa = XCBuildConfiguration;
			baseConfigurationReference = BBBAAF4D76DA29800DD82C7F /* Pods-VideoPlayerSwiftUI-VideoPlayerSwiftUIUITests.release.xcconfig */;
			buildSettings = {
				ALWAYS_EMBED_SWIFT_STANDARD_LIBRARIES = YES;
				CODE_SIGN_STYLE = Automatic;
				INFOPLIST_FILE = VideoPlayerSwiftUIUITests/Info.plist;
				LD_RUNPATH_SEARCH_PATHS = (
					"$(inherited)",
					"@executable_path/Frameworks",
					"@loader_path/Frameworks",
				);
				PRODUCT_BUNDLE_IDENTIFIER = com.silverorange.VideoPlayerSwiftUIUITests;
				PRODUCT_NAME = "$(TARGET_NAME)";
				SWIFT_VERSION = 5.0;
				TARGETED_DEVICE_FAMILY = "1,2";
				TEST_TARGET_NAME = VideoPlayerSwiftUI;
			};
			name = Release;
		};
/* End XCBuildConfiguration section */

/* Begin XCConfigurationList section */
		3AF67A5325A64DBD00D360A7 /* Build configuration list for PBXProject "VideoPlayerSwiftUI" */ = {
			isa = XCConfigurationList;
			buildConfigurations = (
				3AF67A7B25A64DBF00D360A7 /* Debug */,
				3AF67A7C25A64DBF00D360A7 /* Release */,
			);
			defaultConfigurationIsVisible = 0;
			defaultConfigurationName = Release;
		};
		3AF67A7D25A64DBF00D360A7 /* Build configuration list for PBXNativeTarget "VideoPlayerSwiftUI" */ = {
			isa = XCConfigurationList;
			buildConfigurations = (
				3AF67A7E25A64DBF00D360A7 /* Debug */,
				3AF67A7F25A64DBF00D360A7 /* Release */,
			);
			defaultConfigurationIsVisible = 0;
			defaultConfigurationName = Release;
		};
		3AF67A8025A64DBF00D360A7 /* Build configuration list for PBXNativeTarget "VideoPlayerSwiftUITests" */ = {
			isa = XCConfigurationList;
			buildConfigurations = (
				3AF67A8125A64DBF00D360A7 /* Debug */,
				3AF67A8225A64DBF00D360A7 /* Release */,
			);
			defaultConfigurationIsVisible = 0;
			defaultConfigurationName = Release;
		};
		3AF67A8325A64DBF00D360A7 /* Build configuration list for PBXNativeTarget "VideoPlayerSwiftUIUITests" */ = {
			isa = XCConfigurationList;
			buildConfigurations = (
				3AF67A8425A64DBF00D360A7 /* Debug */,
				3AF67A8525A64DBF00D360A7 /* Release */,
			);
			defaultConfigurationIsVisible = 0;
			defaultConfigurationName = Release;
		};
/* End XCConfigurationList section */
	};
	rootObject = 3AF67A5025A64DBD00D360A7 /* Project object */;
}
